
Microsoft Visual Studio Solution File, Format Version 12.00
# Visual Studio Version 16
VisualStudioVersion = 16.0.29519.181
MinimumVisualStudioVersion = 10.0.40219.1
Project("{8BC9CEB8-8B4A-11D0-8D11-00A0C91BC942}") = "asolveIT", "gui.vcxproj", "{A652B3A8-6915-4796-BACC-5BA3DAC60D9D}"
EndProject
Project("{8BC9CEB8-8B4A-11D0-8D11-00A0C91BC942}") = "server", "server\server.vcxproj", "{B1AB6E60-1B21-4168-8532-83697CD96771}"
EndProject
Global
	GlobalSection(SolutionConfigurationPlatforms) = preSolution
		Debug|x64 = Debug|x64
		Debug|x86 = Debug|x86
		Release|x64 = Release|x64
		Release|x86 = Release|x86
	EndGlobalSection
	GlobalSection(ProjectConfigurationPlatforms) = postSolution
		{A652B3A8-6915-4796-BACC-5BA3DAC60D9D}.Debug|x64.ActiveCfg = Debug|x64
		{A652B3A8-6915-4796-BACC-5BA3DAC60D9D}.Debug|x64.Build.0 = Debug|x64
		{A652B3A8-6915-4796-BACC-5BA3DAC60D9D}.Debug|x86.ActiveCfg = Debug|Win32
		{A652B3A8-6915-4796-BACC-5BA3DAC60D9D}.Debug|x86.Build.0 = Debug|Win32
		{A652B3A8-6915-4796-BACC-5BA3DAC60D9D}.Release|x64.ActiveCfg = Release|x64
		{A652B3A8-6915-4796-BACC-5BA3DAC60D9D}.Release|x64.Build.0 = Release|x64
		{A652B3A8-6915-4796-BACC-5BA3DAC60D9D}.Release|x86.ActiveCfg = Release|Win32
		{A652B3A8-6915-4796-BACC-5BA3DAC60D9D}.Release|x86.Build.0 = Release|Win32
		{B1AB6E60-1B21-4168-8532-83697CD96771}.Debug|x64.ActiveCfg = Debug|x64
		{B1AB6E60-1B21-4168-8532-83697CD96771}.Debug|x64.Build.0 = Debug|x64
		{B1AB6E60-1B21-4168-8532-83697CD96771}.Debug|x86.ActiveCfg = Debug|Win32
		{B1AB6E60-1B21-4168-8532-83697CD96771}.Debug|x86.Build.0 = Debug|Win32
		{B1AB6E60-1B21-4168-8532-83697CD96771}.Release|x64.ActiveCfg = Release|x64
		{B1AB6E60-1B21-4168-8532-83697CD96771}.Release|x64.Build.0 = Release|x64
		{B1AB6E60-1B21-4168-8532-83697CD96771}.Release|x86.ActiveCfg = Release|Win32
		{B1AB6E60-1B21-4168-8532-83697CD96771}.Release|x86.Build.0 = Release|Win32
	EndGlobalSection
	GlobalSection(SolutionProperties) = preSolution
		HideSolutionNode = FALSE
	EndGlobalSection
	GlobalSection(ExtensibilityGlobals) = postSolution
		SolutionGuid = {5F2E32BB-83FF-4BF9-9562-AA47BDEC71D6}
	EndGlobalSection
EndGlobal
